
Microsoft Visual Studio Solution File, Format Version 12.00
# Visual Studio 14
VisualStudioVersion = 14.0.22129.1
MinimumVisualStudioVersion = 10.0.40219.1
Project("{2150E333-8FDC-42A3-9474-1A3956D46DE8}") = ".paket", ".paket", "{3838DCA3-C246-4509-A3C2-5E7986535FB4}"
	ProjectSection(SolutionItems) = preProject
		paket.dependencies = paket.dependencies
	EndProjectSection
EndProject
Project("{FAE04EC0-301F-11D3-BF4B-00C04F79EFBC}") = "RoslynColorizer", "RoslynColorizer\RoslynColorizer.csproj", "{1EC486EE-EE95-4159-A186-84EDF5B2EC29}"
EndProject
Project("{2150E333-8FDC-42A3-9474-1A3956D46DE8}") = "Solution Items", "Solution Items", "{DC7EA05A-4257-47E3-A403-D080B0DE096D}"
	ProjectSection(SolutionItems) = preProject
		readme.md = readme.md
	EndProjectSection
EndProject
Global
	GlobalSection(SolutionConfigurationPlatforms) = preSolution
		Debug|Any CPU = Debug|Any CPU
		Release|Any CPU = Release|Any CPU
	EndGlobalSection
	GlobalSection(ProjectConfigurationPlatforms) = postSolution
		{1EC486EE-EE95-4159-A186-84EDF5B2EC29}.Debug|Any CPU.ActiveCfg = Debug|Any CPU
		{1EC486EE-EE95-4159-A186-84EDF5B2EC29}.Debug|Any CPU.Build.0 = Debug|Any CPU
		{1EC486EE-EE95-4159-A186-84EDF5B2EC29}.Release|Any CPU.ActiveCfg = Release|Any CPU
		{1EC486EE-EE95-4159-A186-84EDF5B2EC29}.Release|Any CPU.Build.0 = Release|Any CPU
	EndGlobalSection
	GlobalSection(SolutionProperties) = preSolution
		HideSolutionNode = FALSE
	EndGlobalSection
EndGlobal
